// !$*UTF8*$!
{
	archiveVersion = 1;
	classes = {
	};
	objectVersion = 77;
	objects = {

/* Begin PBXBuildFile section */
		3823C43E2E9EBA5B00CA4715 /* FirebaseAI in Frameworks */ = {isa = PBXBuildFile; productRef = 3823C43D2E9EBA5B00CA4715 /* FirebaseAI */; };
		3823C4402E9EBA5B00CA4715 /* FirebaseAnalytics in Frameworks */ = {isa = PBXBuildFile; productRef = 3823C43F2E9EBA5B00CA4715 /* FirebaseAnalytics */; };
		3823C4422E9EBA5B00CA4715 /* FirebaseAnalyticsCore in Frameworks */ = {isa = PBXBuildFile; productRef = 3823C4412E9EBA5B00CA4715 /* FirebaseAnalyticsCore */; };
		3823C4442E9EBA5B00CA4715 /* FirebaseAnalyticsIdentitySupport in Frameworks */ = {isa = PBXBuildFile; productRef = 3823C4432E9EBA5B00CA4715 /* FirebaseAnalyticsIdentitySupport */; };
		3823C4462E9EBA5B00CA4715 /* FirebaseAppCheck in Frameworks */ = {isa = PBXBuildFile; productRef = 3823C4452E9EBA5B00CA4715 /* FirebaseAppCheck */; };
		3823C4482E9EBC1C00CA4715 /* FirebaseMessaging in Frameworks */ = {isa = PBXBuildFile; productRef = 3823C4472E9EBC1C00CA4715 /* FirebaseMessaging */; };
		386A6A7F2E9C2127006566BC /* GoogleSignIn in Frameworks */ = {isa = PBXBuildFile; productRef = 386A6A7E2E9C2127006566BC /* GoogleSignIn */; };
		386A6A812E9C2127006566BC /* GoogleSignInSwift in Frameworks */ = {isa = PBXBuildFile; productRef = 386A6A802E9C2127006566BC /* GoogleSignInSwift */; };
		386A6A832E9C214F006566BC /* GoogleSignIn in Frameworks */ = {isa = PBXBuildFile; productRef = 386A6A822E9C214F006566BC /* GoogleSignIn */; };
		386A6A852E9C214F006566BC /* GoogleSignInSwift in Frameworks */ = {isa = PBXBuildFile; productRef = 386A6A842E9C214F006566BC /* GoogleSignInSwift */; };
		38B0DC6B2E9A48A000991B9E /* RazorpayCheckout in Frameworks */ = {isa = PBXBuildFile; productRef = 38B0DC6A2E9A48A000991B9E /* RazorpayCheckout */; settings = {ATTRIBUTES = (Required, ); }; };
		3F1B32492EBE7AB30056C010 /* Vision.framework in Frameworks */ = {isa = PBXBuildFile; fileRef = 3F1B32482EBE7AB30056C010 /* Vision.framework */; };
		3F1B324B2EBE7AC80056C010 /* AVFoundation.framework in Frameworks */ = {isa = PBXBuildFile; fileRef = 3F1B324A2EBE7AC80056C010 /* AVFoundation.framework */; };
		7AE291F92E9F97FF000A3AA3 /* CodeScanner in Frameworks */ = {isa = PBXBuildFile; productRef = 7AE291F82E9F97FF000A3AA3 /* CodeScanner */; };
/* End PBXBuildFile section */

/* Begin PBXContainerItemProxy section */
		3F8C82662E783B8E00802EC9 /* PBXContainerItemProxy */ = {
			isa = PBXContainerItemProxy;
			containerPortal = 3F8C82502E783B8D00802EC9 /* Project object */;
			proxyType = 1;
			remoteGlobalIDString = 3F8C82572E783B8D00802EC9;
			remoteInfo = gridee;
		};
		3F8C82702E783B8E00802EC9 /* PBXContainerItemProxy */ = {
			isa = PBXContainerItemProxy;
			containerPortal = 3F8C82502E783B8D00802EC9 /* Project object */;
			proxyType = 1;
			remoteGlobalIDString = 3F8C82572E783B8D00802EC9;
			remoteInfo = gridee;
		};
/* End PBXContainerItemProxy section */

/* Begin PBXFileReference section */
		386A69E92E9B0652006566BC /* gridee.app */ = {isa = PBXFileReference; explicitFileType = wrapper.application; includeInIndex = 0; path = gridee.app; sourceTree = BUILT_PRODUCTS_DIR; };
		386A69EA2E9B0652006566BC /* grideeTests.xctest */ = {isa = PBXFileReference; explicitFileType = wrapper.cfbundle; includeInIndex = 0; path = grideeTests.xctest; sourceTree = BUILT_PRODUCTS_DIR; };
		386A69EB2E9B0652006566BC /* grideeUITests.xctest */ = {isa = PBXFileReference; explicitFileType = wrapper.cfbundle; includeInIndex = 0; path = grideeUITests.xctest; sourceTree = BUILT_PRODUCTS_DIR; };
		3F1B32482EBE7AB30056C010 /* Vision.framework */ = {isa = PBXFileReference; lastKnownFileType = wrapper.framework; name = Vision.framework; path = System/Library/Frameworks/Vision.framework; sourceTree = SDKROOT; };
		3F1B324A2EBE7AC80056C010 /* AVFoundation.framework */ = {isa = PBXFileReference; lastKnownFileType = wrapper.framework; name = AVFoundation.framework; path = System/Library/Frameworks/AVFoundation.framework; sourceTree = SDKROOT; };
/* End PBXFileReference section */

/* Begin PBXFileSystemSynchronizedBuildFileExceptionSet section */
		3823C44F2E9ECAA900CA4715 /* Exceptions for "gridee" folder in "grideeTests" target */ = {
			isa = PBXFileSystemSynchronizedBuildFileExceptionSet;
			membershipExceptions = (
				"GoogleService-Info.plist",
			);
			target = 3F8C82642E783B8E00802EC9 /* grideeTests */;
		};
		3823C4502E9ECAA900CA4715 /* Exceptions for "gridee" folder in "grideeUITests" target */ = {
			isa = PBXFileSystemSynchronizedBuildFileExceptionSet;
			membershipExceptions = (
				"GoogleService-Info.plist",
			);
			target = 3F8C826E2E783B8E00802EC9 /* grideeUITests */;
		};
		386A6A782E9C09AE006566BC /* Exceptions for "gridee" folder in "gridee" target */ = {
			isa = PBXFileSystemSynchronizedBuildFileExceptionSet;
			membershipExceptions = (
				Info.plist,
			);
			target = 3F8C82572E783B8D00802EC9 /* gridee */;
		};
/* End PBXFileSystemSynchronizedBuildFileExceptionSet section */

/* Begin PBXFileSystemSynchronizedRootGroup section */
		3F8C825A2E783B8D00802EC9 /* gridee */ = {
			isa = PBXFileSystemSynchronizedRootGroup;
			exceptions = (
				386A6A782E9C09AE006566BC /* Exceptions for "gridee" folder in "gridee" target */,
				3823C44F2E9ECAA900CA4715 /* Exceptions for "gridee" folder in "grideeTests" target */,
				3823C4502E9ECAA900CA4715 /* Exceptions for "gridee" folder in "grideeUITests" target */,
			);
			path = gridee;
			sourceTree = "<group>";
		};
/* End PBXFileSystemSynchronizedRootGroup section */

/* Begin PBXFrameworksBuildPhase section */
		3F8C82552E783B8D00802EC9 /* Frameworks */ = {
			isa = PBXFrameworksBuildPhase;
			buildActionMask = 2147483647;
			files = (
				3F1B324B2EBE7AC80056C010 /* AVFoundation.framework in Frameworks */,
				3F1B32492EBE7AB30056C010 /* Vision.framework in Frameworks */,
				3823C4482E9EBC1C00CA4715 /* FirebaseMessaging in Frameworks */,
				3823C4462E9EBA5B00CA4715 /* FirebaseAppCheck in Frameworks */,
				386A6A812E9C2127006566BC /* GoogleSignInSwift in Frameworks */,
				3823C4422E9EBA5B00CA4715 /* FirebaseAnalyticsCore in Frameworks */,
				7AE291F92E9F97FF000A3AA3 /* CodeScanner in Frameworks */,
				3823C43E2E9EBA5B00CA4715 /* FirebaseAI in Frameworks */,
				3823C4442E9EBA5B00CA4715 /* FirebaseAnalyticsIdentitySupport in Frameworks */,
				38B0DC6B2E9A48A000991B9E /* RazorpayCheckout in Frameworks */,
				3823C4402E9EBA5B00CA4715 /* FirebaseAnalytics in Frameworks */,
				386A6A7F2E9C2127006566BC /* GoogleSignIn in Frameworks */,
			);
			runOnlyForDeploymentPostprocessing = 0;
		};
		3F8C82622E783B8E00802EC9 /* Frameworks */ = {
			isa = PBXFrameworksBuildPhase;
			buildActionMask = 2147483647;
			files = (
				386A6A832E9C214F006566BC /* GoogleSignIn in Frameworks */,
				386A6A852E9C214F006566BC /* GoogleSignInSwift in Frameworks */,
			);
			runOnlyForDeploymentPostprocessing = 0;
		};
		3F8C826C2E783B8E00802EC9 /* Frameworks */ = {
			isa = PBXFrameworksBuildPhase;
			buildActionMask = 2147483647;
			files = (
			);
			runOnlyForDeploymentPostprocessing = 0;
		};
/* End PBXFrameworksBuildPhase section */

/* Begin PBXGroup section */
		3F1B32472EBE7AB30056C010 /* Frameworks */ = {
			isa = PBXGroup;
			children = (
				3F1B324A2EBE7AC80056C010 /* AVFoundation.framework */,
				3F1B32482EBE7AB30056C010 /* Vision.framework */,
			);
			name = Frameworks;
			sourceTree = "<group>";
		};
		3F8C824F2E783B8D00802EC9 = {
			isa = PBXGroup;
			children = (
				3F8C825A2E783B8D00802EC9 /* gridee */,
				386A69E92E9B0652006566BC /* gridee.app */,
				386A69EA2E9B0652006566BC /* grideeTests.xctest */,
				386A69EB2E9B0652006566BC /* grideeUITests.xctest */,
				3F1B32472EBE7AB30056C010 /* Frameworks */,
			);
			sourceTree = "<group>";
		};
/* End PBXGroup section */

/* Begin PBXNativeTarget section */
		3F8C82572E783B8D00802EC9 /* gridee */ = {
			isa = PBXNativeTarget;
			buildConfigurationList = 3F8C82792E783B8E00802EC9 /* Build configuration list for PBXNativeTarget "gridee" */;
			buildPhases = (
				3F8C82542E783B8D00802EC9 /* Sources */,
				3F8C82552E783B8D00802EC9 /* Frameworks */,
				3F8C82562E783B8D00802EC9 /* Resources */,
			);
			buildRules = (
			);
			dependencies = (
			);
			fileSystemSynchronizedGroups = (
				3F8C825A2E783B8D00802EC9 /* gridee */,
			);
			name = gridee;
			packageProductDependencies = (
				38B0DC6A2E9A48A000991B9E /* RazorpayCheckout */,
				386A6A7E2E9C2127006566BC /* GoogleSignIn */,
				386A6A802E9C2127006566BC /* GoogleSignInSwift */,
				3823C43D2E9EBA5B00CA4715 /* FirebaseAI */,
				3823C43F2E9EBA5B00CA4715 /* FirebaseAnalytics */,
				3823C4412E9EBA5B00CA4715 /* FirebaseAnalyticsCore */,
				3823C4432E9EBA5B00CA4715 /* FirebaseAnalyticsIdentitySupport */,
				3823C4452E9EBA5B00CA4715 /* FirebaseAppCheck */,
				3823C4472E9EBC1C00CA4715 /* FirebaseMessaging */,
				7AE291F82E9F97FF000A3AA3 /* CodeScanner */,
			);
			productName = gridee;
			productReference = 386A69E92E9B0652006566BC /* gridee.app */;
			productType = "com.apple.product-type.application";
		};
		3F8C82642E783B8E00802EC9 /* grideeTests */ = {
			isa = PBXNativeTarget;
			buildConfigurationList = 3F8C827C2E783B8E00802EC9 /* Build configuration list for PBXNativeTarget "grideeTests" */;
			buildPhases = (
				3F8C82612E783B8E00802EC9 /* Sources */,
				3F8C82622E783B8E00802EC9 /* Frameworks */,
				3F8C82632E783B8E00802EC9 /* Resources */,
			);
			buildRules = (
			);
			dependencies = (
				3F8C82672E783B8E00802EC9 /* PBXTargetDependency */,
			);
			name = grideeTests;
			packageProductDependencies = (
				386A6A822E9C214F006566BC /* GoogleSignIn */,
				386A6A842E9C214F006566BC /* GoogleSignInSwift */,
			);
			productName = grideeTests;
			productReference = 386A69EA2E9B0652006566BC /* grideeTests.xctest */;
			productType = "com.apple.product-type.bundle.unit-test";
		};
		3F8C826E2E783B8E00802EC9 /* grideeUITests */ = {
			isa = PBXNativeTarget;
			buildConfigurationList = 3F8C827F2E783B8E00802EC9 /* Build configuration list for PBXNativeTarget "grideeUITests" */;
			buildPhases = (
				3F8C826B2E783B8E00802EC9 /* Sources */,
				3F8C826C2E783B8E00802EC9 /* Frameworks */,
				3F8C826D2E783B8E00802EC9 /* Resources */,
			);
			buildRules = (
			);
			dependencies = (
				3F8C82712E783B8E00802EC9 /* PBXTargetDependency */,
			);
			name = grideeUITests;
			packageProductDependencies = (
			);
			productName = grideeUITests;
			productReference = 386A69EB2E9B0652006566BC /* grideeUITests.xctest */;
			productType = "com.apple.product-type.bundle.ui-testing";
		};
/* End PBXNativeTarget section */

/* Begin PBXProject section */
		3F8C82502E783B8D00802EC9 /* Project object */ = {
			isa = PBXProject;
			attributes = {
				BuildIndependentTargetsInParallel = 1;
				LastSwiftUpdateCheck = 1640;
				LastUpgradeCheck = 1640;
				TargetAttributes = {
					3F8C82572E783B8D00802EC9 = {
						CreatedOnToolsVersion = 16.4;
					};
					3F8C82642E783B8E00802EC9 = {
						CreatedOnToolsVersion = 16.4;
						TestTargetID = 3F8C82572E783B8D00802EC9;
					};
					3F8C826E2E783B8E00802EC9 = {
						CreatedOnToolsVersion = 16.4;
						TestTargetID = 3F8C82572E783B8D00802EC9;
					};
				};
			};
			buildConfigurationList = 3F8C82532E783B8D00802EC9 /* Build configuration list for PBXProject "gridee" */;
			developmentRegion = en;
			hasScannedForEncodings = 0;
			knownRegions = (
				en,
				Base,
			);
			mainGroup = 3F8C824F2E783B8D00802EC9;
			minimizedProjectReferenceProxies = 1;
			packageReferences = (
				38B0DC652E9A455A00991B9E /* XCRemoteSwiftPackageReference "razorpay-pod" */,
				386A6A7D2E9C20E9006566BC /* XCRemoteSwiftPackageReference "GoogleSignIn-iOS" */,
				3823C43C2E9EBA5B00CA4715 /* XCRemoteSwiftPackageReference "firebase-ios-sdk" */,
				7AE291F72E9F97FF000A3AA3 /* XCRemoteSwiftPackageReference "CodeScanner" */,
			);
			preferredProjectObjectVersion = 77;
			productRefGroup = 3F8C824F2E783B8D00802EC9;
			projectDirPath = "";
			projectRoot = "";
			targets = (
				3F8C82572E783B8D00802EC9 /* gridee */,
				3F8C82642E783B8E00802EC9 /* grideeTests */,
				3F8C826E2E783B8E00802EC9 /* grideeUITests */,
			);
		};
/* End PBXProject section */

/* Begin PBXResourcesBuildPhase section */
		3F8C82562E783B8D00802EC9 /* Resources */ = {
			isa = PBXResourcesBuildPhase;
			buildActionMask = 2147483647;
			files = (
			);
			runOnlyForDeploymentPostprocessing = 0;
		};
		3F8C82632E783B8E00802EC9 /* Resources */ = {
			isa = PBXResourcesBuildPhase;
			buildActionMask = 2147483647;
			files = (
			);
			runOnlyForDeploymentPostprocessing = 0;
		};
		3F8C826D2E783B8E00802EC9 /* Resources */ = {
			isa = PBXResourcesBuildPhase;
			buildActionMask = 2147483647;
			files = (
			);
			runOnlyForDeploymentPostprocessing = 0;
		};
/* End PBXResourcesBuildPhase section */

/* Begin PBXSourcesBuildPhase section */
		3F8C82542E783B8D00802EC9 /* Sources */ = {
			isa = PBXSourcesBuildPhase;
			buildActionMask = 2147483647;
			files = (
			);
			runOnlyForDeploymentPostprocessing = 0;
		};
		3F8C82612E783B8E00802EC9 /* Sources */ = {
			isa = PBXSourcesBuildPhase;
			buildActionMask = 2147483647;
			files = (
			);
			runOnlyForDeploymentPostprocessing = 0;
		};
		3F8C826B2E783B8E00802EC9 /* Sources */ = {
			isa = PBXSourcesBuildPhase;
			buildActionMask = 2147483647;
			files = (
			);
			runOnlyForDeploymentPostprocessing = 0;
		};
/* End PBXSourcesBuildPhase section */

/* Begin PBXTargetDependency section */
		3F8C82672E783B8E00802EC9 /* PBXTargetDependency */ = {
			isa = PBXTargetDependency;
			target = 3F8C82572E783B8D00802EC9 /* gridee */;
			targetProxy = 3F8C82662E783B8E00802EC9 /* PBXContainerItemProxy */;
		};
		3F8C82712E783B8E00802EC9 /* PBXTargetDependency */ = {
			isa = PBXTargetDependency;
			target = 3F8C82572E783B8D00802EC9 /* gridee */;
			targetProxy = 3F8C82702E783B8E00802EC9 /* PBXContainerItemProxy */;
		};
/* End PBXTargetDependency section */

/* Begin XCBuildConfiguration section */
		3F8C82772E783B8E00802EC9 /* Debug */ = {
			isa = XCBuildConfiguration;
			buildSettings = {
				ALWAYS_SEARCH_USER_PATHS = NO;
				ASSETCATALOG_COMPILER_GENERATE_SWIFT_ASSET_SYMBOL_EXTENSIONS = YES;
				CLANG_ANALYZER_NONNULL = YES;
				CLANG_ANALYZER_NUMBER_OBJECT_CONVERSION = YES_AGGRESSIVE;
				CLANG_CXX_LANGUAGE_STANDARD = "gnu++20";
				CLANG_ENABLE_MODULES = YES;
				CLANG_ENABLE_OBJC_ARC = YES;
				CLANG_ENABLE_OBJC_WEAK = YES;
				CLANG_WARN_BLOCK_CAPTURE_AUTORELEASING = YES;
				CLANG_WARN_BOOL_CONVERSION = YES;
				CLANG_WARN_COMMA = YES;
				CLANG_WARN_CONSTANT_CONVERSION = YES;
				CLANG_WARN_DEPRECATED_OBJC_IMPLEMENTATIONS = YES;
				CLANG_WARN_DIRECT_OBJC_ISA_USAGE = YES_ERROR;
				CLANG_WARN_DOCUMENTATION_COMMENTS = YES;
				CLANG_WARN_EMPTY_BODY = YES;
				CLANG_WARN_ENUM_CONVERSION = YES;
				CLANG_WARN_INFINITE_RECURSION = YES;
				CLANG_WARN_INT_CONVERSION = YES;
				CLANG_WARN_NON_LITERAL_NULL_CONVERSION = YES;
				CLANG_WARN_OBJC_IMPLICIT_RETAIN_SELF = YES;
				CLANG_WARN_OBJC_LITERAL_CONVERSION = YES;
				CLANG_WARN_OBJC_ROOT_CLASS = YES_ERROR;
				CLANG_WARN_QUOTED_INCLUDE_IN_FRAMEWORK_HEADER = YES;
				CLANG_WARN_RANGE_LOOP_ANALYSIS = YES;
				CLANG_WARN_STRICT_PROTOTYPES = YES;
				CLANG_WARN_SUSPICIOUS_MOVE = YES;
				CLANG_WARN_UNGUARDED_AVAILABILITY = YES_AGGRESSIVE;
				CLANG_WARN_UNREACHABLE_CODE = YES;
				CLANG_WARN__DUPLICATE_METHOD_MATCH = YES;
				COPY_PHASE_STRIP = NO;
				DEBUG_INFORMATION_FORMAT = dwarf;
				ENABLE_STRICT_OBJC_MSGSEND = YES;
				ENABLE_TESTABILITY = YES;
				ENABLE_USER_SCRIPT_SANDBOXING = YES;
				GCC_C_LANGUAGE_STANDARD = gnu17;
				GCC_DYNAMIC_NO_PIC = NO;
				GCC_NO_COMMON_BLOCKS = YES;
				GCC_OPTIMIZATION_LEVEL = 0;
				GCC_PREPROCESSOR_DEFINITIONS = (
					"DEBUG=1",
					"$(inherited)",
				);
				GCC_WARN_64_TO_32_BIT_CONVERSION = YES;
				GCC_WARN_ABOUT_RETURN_TYPE = YES_ERROR;
				GCC_WARN_UNDECLARED_SELECTOR = YES;
				GCC_WARN_UNINITIALIZED_AUTOS = YES_AGGRESSIVE;
				GCC_WARN_UNUSED_FUNCTION = YES;
				GCC_WARN_UNUSED_VARIABLE = YES;
				IPHONEOS_DEPLOYMENT_TARGET = 18.5;
				LOCALIZATION_PREFERS_STRING_CATALOGS = YES;
				MTL_ENABLE_DEBUG_INFO = INCLUDE_SOURCE;
				MTL_FAST_MATH = YES;
				ONLY_ACTIVE_ARCH = YES;
				SDKROOT = iphoneos;
				SWIFT_ACTIVE_COMPILATION_CONDITIONS = "DEBUG $(inherited)";
				SWIFT_OPTIMIZATION_LEVEL = "-Onone";
			};
			name = Debug;
		};
		3F8C82782E783B8E00802EC9 /* Release */ = {
			isa = XCBuildConfiguration;
			buildSettings = {
				ALWAYS_SEARCH_USER_PATHS = NO;
				ASSETCATALOG_COMPILER_GENERATE_SWIFT_ASSET_SYMBOL_EXTENSIONS = YES;
				CLANG_ANALYZER_NONNULL = YES;
				CLANG_ANALYZER_NUMBER_OBJECT_CONVERSION = YES_AGGRESSIVE;
				CLANG_CXX_LANGUAGE_STANDARD = "gnu++20";
				CLANG_ENABLE_MODULES = YES;
				CLANG_ENABLE_OBJC_ARC = YES;
				CLANG_ENABLE_OBJC_WEAK = YES;
				CLANG_WARN_BLOCK_CAPTURE_AUTORELEASING = YES;
				CLANG_WARN_BOOL_CONVERSION = YES;
				CLANG_WARN_COMMA = YES;
				CLANG_WARN_CONSTANT_CONVERSION = YES;
				CLANG_WARN_DEPRECATED_OBJC_IMPLEMENTATIONS = YES;
				CLANG_WARN_DIRECT_OBJC_ISA_USAGE = YES_ERROR;
				CLANG_WARN_DOCUMENTATION_COMMENTS = YES;
				CLANG_WARN_EMPTY_BODY = YES;
				CLANG_WARN_ENUM_CONVERSION = YES;
				CLANG_WARN_INFINITE_RECURSION = YES;
				CLANG_WARN_INT_CONVERSION = YES;
				CLANG_WARN_NON_LITERAL_NULL_CONVERSION = YES;
				CLANG_WARN_OBJC_IMPLICIT_RETAIN_SELF = YES;
				CLANG_WARN_OBJC_LITERAL_CONVERSION = YES;
				CLANG_WARN_OBJC_ROOT_CLASS = YES_ERROR;
				CLANG_WARN_QUOTED_INCLUDE_IN_FRAMEWORK_HEADER = YES;
				CLANG_WARN_RANGE_LOOP_ANALYSIS = YES;
				CLANG_WARN_STRICT_PROTOTYPES = YES;
				CLANG_WARN_SUSPICIOUS_MOVE = YES;
				CLANG_WARN_UNGUARDED_AVAILABILITY = YES_AGGRESSIVE;
				CLANG_WARN_UNREACHABLE_CODE = YES;
				CLANG_WARN__DUPLICATE_METHOD_MATCH = YES;
				COPY_PHASE_STRIP = NO;
				DEBUG_INFORMATION_FORMAT = "dwarf-with-dsym";
				ENABLE_NS_ASSERTIONS = NO;
				ENABLE_STRICT_OBJC_MSGSEND = YES;
				ENABLE_USER_SCRIPT_SANDBOXING = YES;
				GCC_C_LANGUAGE_STANDARD = gnu17;
				GCC_NO_COMMON_BLOCKS = YES;
				GCC_WARN_64_TO_32_BIT_CONVERSION = YES;
				GCC_WARN_ABOUT_RETURN_TYPE = YES_ERROR;
				GCC_WARN_UNDECLARED_SELECTOR = YES;
				GCC_WARN_UNINITIALIZED_AUTOS = YES_AGGRESSIVE;
				GCC_WARN_UNUSED_FUNCTION = YES;
				GCC_WARN_UNUSED_VARIABLE = YES;
				IPHONEOS_DEPLOYMENT_TARGET = 18.5;
				LOCALIZATION_PREFERS_STRING_CATALOGS = YES;
				MTL_ENABLE_DEBUG_INFO = NO;
				MTL_FAST_MATH = YES;
				SDKROOT = iphoneos;
				SWIFT_COMPILATION_MODE = wholemodule;
				VALIDATE_PRODUCT = YES;
			};
			name = Release;
		};
		3F8C827A2E783B8E00802EC9 /* Debug */ = {
			isa = XCBuildConfiguration;
			buildSettings = {
				ASSETCATALOG_COMPILER_APPICON_NAME = AppIcon;
				ASSETCATALOG_COMPILER_GLOBAL_ACCENT_COLOR_NAME = AccentColor;
				CODE_SIGN_ENTITLEMENTS = gridee/gridee.entitlements;
				CODE_SIGN_STYLE = Automatic;
				CURRENT_PROJECT_VERSION = 1;
				DEVELOPMENT_TEAM = LHY2G5N8SA;
				ENABLE_PREVIEWS = YES;
				GENERATE_INFOPLIST_FILE = YES;
				INFOPLIST_FILE = gridee/Info.plist;
				INFOPLIST_KEY_CFBundleDisplayName = "";
				INFOPLIST_KEY_LSApplicationCategoryType = "";
				INFOPLIST_KEY_NSCameraUsageDescription = "We need camera access to scan QR codes for check-in/check-out";
				INFOPLIST_KEY_NSHumanReadableCopyright = "";
				INFOPLIST_KEY_UIApplicationSceneManifest_Generation = YES;
				INFOPLIST_KEY_UIApplicationSupportsIndirectInputEvents = YES;
				INFOPLIST_KEY_UILaunchScreen_Generation = YES;
				INFOPLIST_KEY_UISupportedInterfaceOrientations_iPad = "UIInterfaceOrientationPortrait UIInterfaceOrientationPortraitUpsideDown UIInterfaceOrientationLandscapeLeft UIInterfaceOrientationLandscapeRight";
				INFOPLIST_KEY_UISupportedInterfaceOrientations_iPhone = "UIInterfaceOrientationPortrait UIInterfaceOrientationLandscapeLeft UIInterfaceOrientationLandscapeRight";
				LD_RUNPATH_SEARCH_PATHS = (
					"$(inherited)",
					"@executable_path/Frameworks",
				);
				MARKETING_VERSION = 1.0;
				PRODUCT_BUNDLE_IDENTIFIER = com.ios..gridee;
				PRODUCT_NAME = "$(TARGET_NAME)";
				SWIFT_EMIT_LOC_STRINGS = YES;
				SWIFT_VERSION = 5.0;
				TARGETED_DEVICE_FAMILY = "1,2";
			};
			name = Debug;
		};
		3F8C827B2E783B8E00802EC9 /* Release */ = {
			isa = XCBuildConfiguration;
			buildSettings = {
				ASSETCATALOG_COMPILER_APPICON_NAME = AppIcon;
				ASSETCATALOG_COMPILER_GLOBAL_ACCENT_COLOR_NAME = AccentColor;
				CODE_SIGN_ENTITLEMENTS = gridee/gridee.entitlements;
				CODE_SIGN_STYLE = Automatic;
				CURRENT_PROJECT_VERSION = 1;
				DEVELOPMENT_TEAM = LHY2G5N8SA;
				ENABLE_PREVIEWS = YES;
				GENERATE_INFOPLIST_FILE = YES;
				INFOPLIST_FILE = gridee/Info.plist;
				INFOPLIST_KEY_CFBundleDisplayName = "";
				INFOPLIST_KEY_LSApplicationCategoryType = "";
				INFOPLIST_KEY_NSCameraUsageDescription = "We need camera access to scan QR codes for check-in/check-out";
				INFOPLIST_KEY_NSHumanReadableCopyright = "";
				INFOPLIST_KEY_UIApplicationSceneManifest_Generation = YES;
				INFOPLIST_KEY_UIApplicationSupportsIndirectInputEvents = YES;
				INFOPLIST_KEY_UILaunchScreen_Generation = YES;
				INFOPLIST_KEY_UISupportedInterfaceOrientations_iPad = "UIInterfaceOrientationPortrait UIInterfaceOrientationPortraitUpsideDown UIInterfaceOrientationLandscapeLeft UIInterfaceOrientationLandscapeRight";
				INFOPLIST_KEY_UISupportedInterfaceOrientations_iPhone = "UIInterfaceOrientationPortrait UIInterfaceOrientationLandscapeLeft UIInterfaceOrientationLandscapeRight";
				LD_RUNPATH_SEARCH_PATHS = (
					"$(inherited)",
					"@executable_path/Frameworks",
				);
				MARKETING_VERSION = 1.0;
				PRODUCT_BUNDLE_IDENTIFIER = com.ios..gridee;
				PRODUCT_NAME = "$(TARGET_NAME)";
				SWIFT_EMIT_LOC_STRINGS = YES;
				SWIFT_VERSION = 5.0;
				TARGETED_DEVICE_FAMILY = "1,2";
			};
			name = Release;
		};
		3F8C827D2E783B8E00802EC9 /* Debug */ = {
			isa = XCBuildConfiguration;
			buildSettings = {
				BUNDLE_LOADER = "$(TEST_HOST)";
				CODE_SIGN_STYLE = Automatic;
				CURRENT_PROJECT_VERSION = 1;
				GENERATE_INFOPLIST_FILE = YES;
				IPHONEOS_DEPLOYMENT_TARGET = 18.5;
				MARKETING_VERSION = 1.0;
				PRODUCT_BUNDLE_IDENTIFIER = com.ios..grideeTests;
				PRODUCT_NAME = "$(TARGET_NAME)";
				SWIFT_EMIT_LOC_STRINGS = NO;
				SWIFT_VERSION = 5.0;
				TARGETED_DEVICE_FAMILY = "1,2";
				TEST_HOST = "$(BUILT_PRODUCTS_DIR)/gridee.app/$(BUNDLE_EXECUTABLE_FOLDER_PATH)/gridee";
			};
			name = Debug;
		};
		3F8C827E2E783B8E00802EC9 /* Release */ = {
			isa = XCBuildConfiguration;
			buildSettings = {
				BUNDLE_LOADER = "$(TEST_HOST)";
				CODE_SIGN_STYLE = Automatic;
				CURRENT_PROJECT_VERSION = 1;
				GENERATE_INFOPLIST_FILE = YES;
				IPHONEOS_DEPLOYMENT_TARGET = 18.5;
				MARKETING_VERSION = 1.0;
				PRODUCT_BUNDLE_IDENTIFIER = com.ios..grideeTests;
				PRODUCT_NAME = "$(TARGET_NAME)";
				SWIFT_EMIT_LOC_STRINGS = NO;
				SWIFT_VERSION = 5.0;
				TARGETED_DEVICE_FAMILY = "1,2";
				TEST_HOST = "$(BUILT_PRODUCTS_DIR)/gridee.app/$(BUNDLE_EXECUTABLE_FOLDER_PATH)/gridee";
			};
			name = Release;
		};
		3F8C82802E783B8E00802EC9 /* Debug */ = {
			isa = XCBuildConfiguration;
			buildSettings = {
				CODE_SIGN_STYLE = Automatic;
				CURRENT_PROJECT_VERSION = 1;
				GENERATE_INFOPLIST_FILE = YES;
				MARKETING_VERSION = 1.0;
				PRODUCT_BUNDLE_IDENTIFIER = com.ios..grideeUITests;
				PRODUCT_NAME = "$(TARGET_NAME)";
				SWIFT_EMIT_LOC_STRINGS = NO;
				SWIFT_VERSION = 5.0;
				TARGETED_DEVICE_FAMILY = "1,2";
				TEST_TARGET_NAME = gridee;
			};
			name = Debug;
		};
		3F8C82812E783B8E00802EC9 /* Release */ = {
			isa = XCBuildConfiguration;
			buildSettings = {
				CODE_SIGN_STYLE = Automatic;
				CURRENT_PROJECT_VERSION = 1;
				GENERATE_INFOPLIST_FILE = YES;
				MARKETING_VERSION = 1.0;
				PRODUCT_BUNDLE_IDENTIFIER = com.ios..grideeUITests;
				PRODUCT_NAME = "$(TARGET_NAME)";
				SWIFT_EMIT_LOC_STRINGS = NO;
				SWIFT_VERSION = 5.0;
				TARGETED_DEVICE_FAMILY = "1,2";
				TEST_TARGET_NAME = gridee;
			};
			name = Release;
		};
/* End XCBuildConfiguration section */

/* Begin XCConfigurationList section */
		3F8C82532E783B8D00802EC9 /* Build configuration list for PBXProject "gridee" */ = {
			isa = XCConfigurationList;
			buildConfigurations = (
				3F8C82772E783B8E00802EC9 /* Debug */,
				3F8C82782E783B8E00802EC9 /* Release */,
			);
			defaultConfigurationIsVisible = 0;
			defaultConfigurationName = Release;
		};
		3F8C82792E783B8E00802EC9 /* Build configuration list for PBXNativeTarget "gridee" */ = {
			isa = XCConfigurationList;
			buildConfigurations = (
				3F8C827A2E783B8E00802EC9 /* Debug */,
				3F8C827B2E783B8E00802EC9 /* Release */,
			);
			defaultConfigurationIsVisible = 0;
			defaultConfigurationName = Release;
		};
		3F8C827C2E783B8E00802EC9 /* Build configuration list for PBXNativeTarget "grideeTests" */ = {
			isa = XCConfigurationList;
			buildConfigurations = (
				3F8C827D2E783B8E00802EC9 /* Debug */,
				3F8C827E2E783B8E00802EC9 /* Release */,
			);
			defaultConfigurationIsVisible = 0;
			defaultConfigurationName = Release;
		};
		3F8C827F2E783B8E00802EC9 /* Build configuration list for PBXNativeTarget "grideeUITests" */ = {
			isa = XCConfigurationList;
			buildConfigurations = (
				3F8C82802E783B8E00802EC9 /* Debug */,
				3F8C82812E783B8E00802EC9 /* Release */,
			);
			defaultConfigurationIsVisible = 0;
			defaultConfigurationName = Release;
		};
/* End XCConfigurationList section */

/* Begin XCRemoteSwiftPackageReference section */
		3823C43C2E9EBA5B00CA4715 /* XCRemoteSwiftPackageReference "firebase-ios-sdk" */ = {
			isa = XCRemoteSwiftPackageReference;
			repositoryURL = "https://github.com/firebase/firebase-ios-sdk";
			requirement = {
				kind = upToNextMajorVersion;
				minimumVersion = 12.4.0;
			};
		};
		386A6A7D2E9C20E9006566BC /* XCRemoteSwiftPackageReference "GoogleSignIn-iOS" */ = {
			isa = XCRemoteSwiftPackageReference;
			repositoryURL = "https://github.com/google/GoogleSignIn-iOS";
			requirement = {
				kind = upToNextMajorVersion;
				minimumVersion = 9.0.0;
			};
		};
		38B0DC652E9A455A00991B9E /* XCRemoteSwiftPackageReference "razorpay-pod" */ = {
			isa = XCRemoteSwiftPackageReference;
			repositoryURL = "https://github.com/razorpay/razorpay-pod";
			requirement = {
				kind = upToNextMajorVersion;
				minimumVersion = 1.4.5;
			};
		};
		7AE291F72E9F97FF000A3AA3 /* XCRemoteSwiftPackageReference "CodeScanner" */ = {
			isa = XCRemoteSwiftPackageReference;
			repositoryURL = "https://github.com/twostraws/CodeScanner";
			requirement = {
				kind = upToNextMajorVersion;
				minimumVersion = 2.5.2;
			};
		};
/* End XCRemoteSwiftPackageReference section */

/* Begin XCSwiftPackageProductDependency section */
		3823C43D2E9EBA5B00CA4715 /* FirebaseAI */ = {
			isa = XCSwiftPackageProductDependency;
			package = 3823C43C2E9EBA5B00CA4715 /* XCRemoteSwiftPackageReference "firebase-ios-sdk" */;
			productName = FirebaseAI;
		};
		3823C43F2E9EBA5B00CA4715 /* FirebaseAnalytics */ = {
			isa = XCSwiftPackageProductDependency;
			package = 3823C43C2E9EBA5B00CA4715 /* XCRemoteSwiftPackageReference "firebase-ios-sdk" */;
			productName = FirebaseAnalytics;
		};
		3823C4412E9EBA5B00CA4715 /* FirebaseAnalyticsCore */ = {
			isa = XCSwiftPackageProductDependency;
			package = 3823C43C2E9EBA5B00CA4715 /* XCRemoteSwiftPackageReference "firebase-ios-sdk" */;
			productName = FirebaseAnalyticsCore;
		};
		3823C4432E9EBA5B00CA4715 /* FirebaseAnalyticsIdentitySupport */ = {
			isa = XCSwiftPackageProductDependency;
			package = 3823C43C2E9EBA5B00CA4715 /* XCRemoteSwiftPackageReference "firebase-ios-sdk" */;
			productName = FirebaseAnalyticsIdentitySupport;
		};
		3823C4452E9EBA5B00CA4715 /* FirebaseAppCheck */ = {
			isa = XCSwiftPackageProductDependency;
			package = 3823C43C2E9EBA5B00CA4715 /* XCRemoteSwiftPackageReference "firebase-ios-sdk" */;
			productName = FirebaseAppCheck;
		};
		3823C4472E9EBC1C00CA4715 /* FirebaseMessaging */ = {
			isa = XCSwiftPackageProductDependency;
			package = 3823C43C2E9EBA5B00CA4715 /* XCRemoteSwiftPackageReference "firebase-ios-sdk" */;
			productName = FirebaseMessaging;
		};
		386A6A7E2E9C2127006566BC /* GoogleSignIn */ = {
			isa = XCSwiftPackageProductDependency;
			package = 386A6A7D2E9C20E9006566BC /* XCRemoteSwiftPackageReference "GoogleSignIn-iOS" */;
			productName = GoogleSignIn;
		};
		386A6A802E9C2127006566BC /* GoogleSignInSwift */ = {
			isa = XCSwiftPackageProductDependency;
			package = 386A6A7D2E9C20E9006566BC /* XCRemoteSwiftPackageReference "GoogleSignIn-iOS" */;
			productName = GoogleSignInSwift;
		};
		386A6A822E9C214F006566BC /* GoogleSignIn */ = {
			isa = XCSwiftPackageProductDependency;
			package = 386A6A7D2E9C20E9006566BC /* XCRemoteSwiftPackageReference "GoogleSignIn-iOS" */;
			productName = GoogleSignIn;
		};
		386A6A842E9C214F006566BC /* GoogleSignInSwift */ = {
			isa = XCSwiftPackageProductDependency;
			package = 386A6A7D2E9C20E9006566BC /* XCRemoteSwiftPackageReference "GoogleSignIn-iOS" */;
			productName = GoogleSignInSwift;
		};
		38B0DC6A2E9A48A000991B9E /* RazorpayCheckout */ = {
			isa = XCSwiftPackageProductDependency;
			package = 38B0DC652E9A455A00991B9E /* XCRemoteSwiftPackageReference "razorpay-pod" */;
			productName = RazorpayCheckout;
		};
		7AE291F82E9F97FF000A3AA3 /* CodeScanner */ = {
			isa = XCSwiftPackageProductDependency;
			package = 7AE291F72E9F97FF000A3AA3 /* XCRemoteSwiftPackageReference "CodeScanner" */;
			productName = CodeScanner;
		};
/* End XCSwiftPackageProductDependency section */
	};
	rootObject = 3F8C82502E783B8D00802EC9 /* Project object */;
}
